
Microsoft Visual Studio Solution File, Format Version 12.00
# Visual Studio Version 17
VisualStudioVersion = 17.5.33530.505
MinimumVisualStudioVersion = 10.0.40219.1
Project("{FAE04EC0-301F-11D3-BF4B-00C04F79EFBC}") = "MinimalJwt", "MinimalJwt\MinimalJwt.csproj", "{7403CBE3-E8B8-410F-A852-D70E5F64216A}"
EndProject
Global
	GlobalSection(SolutionConfigurationPlatforms) = preSolution
		Debug|Any CPU = Debug|Any CPU
		Release|Any CPU = Release|Any CPU
	EndGlobalSection
	GlobalSection(ProjectConfigurationPlatforms) = postSolution
		{7403CBE3-E8B8-410F-A852-D70E5F64216A}.Debug|Any CPU.ActiveCfg = Debug|Any CPU
		{7403CBE3-E8B8-410F-A852-D70E5F64216A}.Debug|Any CPU.Build.0 = Debug|Any CPU
		{7403CBE3-E8B8-410F-A852-D70E5F64216A}.Release|Any CPU.ActiveCfg = Release|Any CPU
		{7403CBE3-E8B8-410F-A852-D70E5F64216A}.Release|Any CPU.Build.0 = Release|Any CPU
	EndGlobalSection
	GlobalSection(SolutionProperties) = preSolution
		HideSolutionNode = FALSE
	EndGlobalSection
	GlobalSection(ExtensibilityGlobals) = postSolution
		SolutionGuid = {E91134FA-30FD-4AE3-AC5E-241CED9FE3AA}
	EndGlobalSection
EndGlobal
